
Microsoft Visual Studio Solution File, Format Version 12.00
# Visual Studio Version 17
VisualStudioVersion = 17.8.34309.116
MinimumVisualStudioVersion = 10.0.40219.1
Project("{9A19103F-16F7-4668-BE54-9A1E7A4F7556}") = "Domain", "Domain\Domain.csproj", "{5599FB88-B6A5-47B6-9A57-7E09CDDFF380}"
EndProject
Project("{9A19103F-16F7-4668-BE54-9A1E7A4F7556}") = "Application", "Application\Application.csproj", "{70640A69-667F-49B2-9E4A-8E3D5C855FF7}"
EndProject
Project("{9A19103F-16F7-4668-BE54-9A1E7A4F7556}") = "WebApi", "WebApi\WebApi.csproj", "{611BB815-D1E3-4881-A7D9-BA38A4682A28}"
EndProject
Project("{FAE04EC0-301F-11D3-BF4B-00C04F79EFBC}") = "Persistence", "Persistence\Persistence.csproj", "{26B28511-4012-45CA-B8CC-22AE9FED1033}"
EndProject
Global
	GlobalSection(SolutionConfigurationPlatforms) = preSolution
		Debug|Any CPU = Debug|Any CPU
		Release|Any CPU = Release|Any CPU
	EndGlobalSection
	GlobalSection(ProjectConfigurationPlatforms) = postSolution
		{5599FB88-B6A5-47B6-9A57-7E09CDDFF380}.Debug|Any CPU.ActiveCfg = Debug|Any CPU
		{5599FB88-B6A5-47B6-9A57-7E09CDDFF380}.Debug|Any CPU.Build.0 = Debug|Any CPU
		{5599FB88-B6A5-47B6-9A57-7E09CDDFF380}.Release|Any CPU.ActiveCfg = Release|Any CPU
		{5599FB88-B6A5-47B6-9A57-7E09CDDFF380}.Release|Any CPU.Build.0 = Release|Any CPU
		{70640A69-667F-49B2-9E4A-8E3D5C855FF7}.Debug|Any CPU.ActiveCfg = Debug|Any CPU
		{70640A69-667F-49B2-9E4A-8E3D5C855FF7}.Debug|Any CPU.Build.0 = Debug|Any CPU
		{70640A69-667F-49B2-9E4A-8E3D5C855FF7}.Release|Any CPU.ActiveCfg = Release|Any CPU
		{70640A69-667F-49B2-9E4A-8E3D5C855FF7}.Release|Any CPU.Build.0 = Release|Any CPU
		{611BB815-D1E3-4881-A7D9-BA38A4682A28}.Debug|Any CPU.ActiveCfg = Debug|Any CPU
		{611BB815-D1E3-4881-A7D9-BA38A4682A28}.Debug|Any CPU.Build.0 = Debug|Any CPU
		{611BB815-D1E3-4881-A7D9-BA38A4682A28}.Release|Any CPU.ActiveCfg = Release|Any CPU
		{611BB815-D1E3-4881-A7D9-BA38A4682A28}.Release|Any CPU.Build.0 = Release|Any CPU
		{26B28511-4012-45CA-B8CC-22AE9FED1033}.Debug|Any CPU.ActiveCfg = Debug|Any CPU
		{26B28511-4012-45CA-B8CC-22AE9FED1033}.Debug|Any CPU.Build.0 = Debug|Any CPU
		{26B28511-4012-45CA-B8CC-22AE9FED1033}.Release|Any CPU.ActiveCfg = Release|Any CPU
		{26B28511-4012-45CA-B8CC-22AE9FED1033}.Release|Any CPU.Build.0 = Release|Any CPU
	EndGlobalSection
	GlobalSection(SolutionProperties) = preSolution
		HideSolutionNode = FALSE
	EndGlobalSection
	GlobalSection(ExtensibilityGlobals) = postSolution
		SolutionGuid = {AD1DF12C-47EA-4A04-80EE-290F3CB15702}
	EndGlobalSection
EndGlobal
