
Microsoft Visual Studio Solution File, Format Version 12.00
# Visual Studio Version 17
VisualStudioVersion = 17.7.34221.43
MinimumVisualStudioVersion = 10.0.40219.1
Project("{FAE04EC0-301F-11D3-BF4B-00C04F79EFBC}") = "Entities", "Entities\Entities.csproj", "{0549A36B-2BB9-44D4-A68E-6DB9E17726E9}"
EndProject
Project("{FAE04EC0-301F-11D3-BF4B-00C04F79EFBC}") = "Business", "Business\Business.csproj", "{E13CC803-0755-40A5-8CCA-F520F69EA2D4}"
EndProject
Project("{FAE04EC0-301F-11D3-BF4B-00C04F79EFBC}") = "ConsoleUI", "ConsoleUI\ConsoleUI.csproj", "{376AFF9D-1ABC-4C0C-944E-AB92F1EAE980}"
EndProject
Project("{FAE04EC0-301F-11D3-BF4B-00C04F79EFBC}") = "DataAccess", "DataAccess\DataAccess.csproj", "{7045FE17-99B7-4F32-90E5-80D4620F3107}"
EndProject
Global
	GlobalSection(SolutionConfigurationPlatforms) = preSolution
		Debug|Any CPU = Debug|Any CPU
		Release|Any CPU = Release|Any CPU
	EndGlobalSection
	GlobalSection(ProjectConfigurationPlatforms) = postSolution
		{0549A36B-2BB9-44D4-A68E-6DB9E17726E9}.Debug|Any CPU.ActiveCfg = Debug|Any CPU
		{0549A36B-2BB9-44D4-A68E-6DB9E17726E9}.Debug|Any CPU.Build.0 = Debug|Any CPU
		{0549A36B-2BB9-44D4-A68E-6DB9E17726E9}.Release|Any CPU.ActiveCfg = Release|Any CPU
		{0549A36B-2BB9-44D4-A68E-6DB9E17726E9}.Release|Any CPU.Build.0 = Release|Any CPU
		{E13CC803-0755-40A5-8CCA-F520F69EA2D4}.Debug|Any CPU.ActiveCfg = Debug|Any CPU
		{E13CC803-0755-40A5-8CCA-F520F69EA2D4}.Debug|Any CPU.Build.0 = Debug|Any CPU
		{E13CC803-0755-40A5-8CCA-F520F69EA2D4}.Release|Any CPU.ActiveCfg = Release|Any CPU
		{E13CC803-0755-40A5-8CCA-F520F69EA2D4}.Release|Any CPU.Build.0 = Release|Any CPU
		{376AFF9D-1ABC-4C0C-944E-AB92F1EAE980}.Debug|Any CPU.ActiveCfg = Debug|Any CPU
		{376AFF9D-1ABC-4C0C-944E-AB92F1EAE980}.Debug|Any CPU.Build.0 = Debug|Any CPU
		{376AFF9D-1ABC-4C0C-944E-AB92F1EAE980}.Release|Any CPU.ActiveCfg = Release|Any CPU
		{376AFF9D-1ABC-4C0C-944E-AB92F1EAE980}.Release|Any CPU.Build.0 = Release|Any CPU
		{7045FE17-99B7-4F32-90E5-80D4620F3107}.Debug|Any CPU.ActiveCfg = Debug|Any CPU
		{7045FE17-99B7-4F32-90E5-80D4620F3107}.Debug|Any CPU.Build.0 = Debug|Any CPU
		{7045FE17-99B7-4F32-90E5-80D4620F3107}.Release|Any CPU.ActiveCfg = Release|Any CPU
		{7045FE17-99B7-4F32-90E5-80D4620F3107}.Release|Any CPU.Build.0 = Release|Any CPU
	EndGlobalSection
	GlobalSection(SolutionProperties) = preSolution
		HideSolutionNode = FALSE
	EndGlobalSection
	GlobalSection(ExtensibilityGlobals) = postSolution
		SolutionGuid = {06F5AA09-865B-4FA4-A2CA-486583F06CE9}
	EndGlobalSection
EndGlobal
