
Microsoft Visual Studio Solution File, Format Version 12.00
# Visual Studio Version 17
VisualStudioVersion = 17.8.34309.116
MinimumVisualStudioVersion = 10.0.40219.1
Project("{FAE04EC0-301F-11D3-BF4B-00C04F79EFBC}") = "Tobeto.Core.Persistence", "Tobeto.Core.Persistence\Tobeto.Core.Persistence.csproj", "{088B907B-8DB3-4D43-A9DD-6C5B982B284E}"
EndProject
Global
	GlobalSection(SolutionConfigurationPlatforms) = preSolution
		Debug|Any CPU = Debug|Any CPU
		Release|Any CPU = Release|Any CPU
	EndGlobalSection
	GlobalSection(ProjectConfigurationPlatforms) = postSolution
		{088B907B-8DB3-4D43-A9DD-6C5B982B284E}.Debug|Any CPU.ActiveCfg = Debug|Any CPU
		{088B907B-8DB3-4D43-A9DD-6C5B982B284E}.Debug|Any CPU.Build.0 = Debug|Any CPU
		{088B907B-8DB3-4D43-A9DD-6C5B982B284E}.Release|Any CPU.ActiveCfg = Release|Any CPU
		{088B907B-8DB3-4D43-A9DD-6C5B982B284E}.Release|Any CPU.Build.0 = Release|Any CPU
	EndGlobalSection
	GlobalSection(SolutionProperties) = preSolution
		HideSolutionNode = FALSE
	EndGlobalSection
	GlobalSection(ExtensibilityGlobals) = postSolution
		SolutionGuid = {D7D22373-5F1E-4554-9488-36DB7FC3F993}
	EndGlobalSection
EndGlobal
